
Microsoft Visual Studio Solution File, Format Version 12.00
# Visual Studio Version 16
VisualStudioVersion = 16.0.30717.126
MinimumVisualStudioVersion = 10.0.40219.1
Project("{8BC9CEB8-8B4A-11D0-8D11-00A0C91BC942}") = "Functions", "Functions\Functions.vcxproj", "{6CB8E0F8-700D-431E-B831-1AD1475023D5}"
EndProject
Global
	GlobalSection(SolutionConfigurationPlatforms) = preSolution
		Debug|x64 = Debug|x64
		Debug|x86 = Debug|x86
		Release|x64 = Release|x64
		Release|x86 = Release|x86
	EndGlobalSection
	GlobalSection(ProjectConfigurationPlatforms) = postSolution
		{6CB8E0F8-700D-431E-B831-1AD1475023D5}.Debug|x64.ActiveCfg = Debug|x64
		{6CB8E0F8-700D-431E-B831-1AD1475023D5}.Debug|x64.Build.0 = Debug|x64
		{6CB8E0F8-700D-431E-B831-1AD1475023D5}.Debug|x86.ActiveCfg = Debug|Win32
		{6CB8E0F8-700D-431E-B831-1AD1475023D5}.Debug|x86.Build.0 = Debug|Win32
		{6CB8E0F8-700D-431E-B831-1AD1475023D5}.Release|x64.ActiveCfg = Release|x64
		{6CB8E0F8-700D-431E-B831-1AD1475023D5}.Release|x64.Build.0 = Release|x64
		{6CB8E0F8-700D-431E-B831-1AD1475023D5}.Release|x86.ActiveCfg = Release|Win32
		{6CB8E0F8-700D-431E-B831-1AD1475023D5}.Release|x86.Build.0 = Release|Win32
	EndGlobalSection
	GlobalSection(SolutionProperties) = preSolution
		HideSolutionNode = FALSE
	EndGlobalSection
	GlobalSection(ExtensibilityGlobals) = postSolution
		SolutionGuid = {95CA2B0E-ED51-40D0-BEA6-BA232C12F1CC}
	EndGlobalSection
EndGlobal
